{
  "name": "mupli-core",
  "version": "1.0.0",
  "lockfileVersion": 2,
  "requires": true,
  "packages": {
    "": {
      "name": "mupli-core",
      "version": "1.0.0",
      "license": "ISC",
      "dependencies": {
        "bare": "^0.0.2",
        "paramify": "^0.1.2"
      }
    },
    "node_modules/amdefine": {
      "version": "1.0.1",
      "resolved": "https://registry.npmjs.org/amdefine/-/amdefine-1.0.1.tgz",
      "integrity": "sha512-S2Hw0TtNkMJhIabBwIojKL9YHO5T0n5eNqWJ7Lrlel/zDbftQpxpapi8tZs3X1HWa+u+QeydGmzzNU0m09+Rcg==",
      "engines": {
        "node": ">=0.4.2"
      }
    },
    "node_modules/bare": {
      "version": "0.0.2",
      "resolved": "https://registry.npmjs.org/bare/-/bare-0.0.2.tgz",
      "integrity": "sha512-Tfz6e59oq7Pc5VknT5SWciCeZa9TQIGK1gp2diWwJ1N2ALSnd8n7o2Gfzgf6aHEWLW8SG3Z1AkIlDsEwcBW9lw==",
      "dependencies": {
        "paramify": "^0.1.2",
        "react": "^0.11.0"
      }
    },
    "node_modules/base62": {
      "version": "0.1.1",
      "resolved": "https://registry.npmjs.org/base62/-/base62-0.1.1.tgz",
      "integrity": "sha512-QtExujIOq/F672OkHmDi3CdkphOA1kSQ38gv03Ro3cplYQk831dq9GM3Q1oXAxpR5HNJjGjjjT2pHtBGAJu1jw==",
      "engines": {
        "node": "*"
      }
    },
    "node_modules/envify": {
      "version": "2.0.1",
      "resolved": "https://registry.npmjs.org/envify/-/envify-2.0.1.tgz",
      "integrity": "sha512-mpLvCWDvUkEXOVdre56TFYUgnC2ftMf6uIhESxylDsvzhbLQb3M6G4QwOt/0RXh9oHQteUOOz+Bj7zTAMdGs8w==",
      "dependencies": {
        "esprima-fb": "~3001.1.0-dev-harmony-fb",
        "jstransform": "~3.0.0",
        "through": "~2.3.4",
        "xtend": "~2.1.2"
      },
      "bin": {
        "envify": "bin/envify"
      }
    },
    "node_modules/esprima-fb": {
      "version": "3001.1.0-dev-harmony-fb",
      "resolved": "https://registry.npmjs.org/esprima-fb/-/esprima-fb-3001.0001.0000-dev-harmony-fb.tgz",
      "integrity": "sha512-a3RFiCVBiy8KdO6q/C+8BQiP/sRk8XshBU3QHHDP8tNzjYwR3FKBOImu+PXfVhPoZL0JKtJLBAOWlDMCCFY8SQ==",
      "bin": {
        "esparse": "bin/esparse.js",
        "esvalidate": "bin/esvalidate.js"
      },
      "engines": {
        "node": ">=0.4.0"
      }
    },
    "node_modules/jstransform": {
      "version": "3.0.0",
      "resolved": "https://registry.npmjs.org/jstransform/-/jstransform-3.0.0.tgz",
      "integrity": "sha512-sMwqW0EdQk2A5NjddlcSSLp6t7pIknOrJtxPU3kMN82RJXPGbdC3fcM5VhIsApNKL1hpeH38iSQsJRbgprPQZg==",
      "dependencies": {
        "base62": "0.1.1",
        "esprima-fb": "~3001.1.0-dev-harmony-fb",
        "source-map": "0.1.31"
      },
      "engines": {
        "node": ">=0.8.8"
      }
    },
    "node_modules/object-keys": {
      "version": "0.4.0",
      "resolved": "https://registry.npmjs.org/object-keys/-/object-keys-0.4.0.tgz",
      "integrity": "sha512-ncrLw+X55z7bkl5PnUvHwFK9FcGuFYo9gtjws2XtSzL+aZ8tm830P60WJ0dSmFVaSalWieW5MD7kEdnXda9yJw=="
    },
    "node_modules/paramify": {
      "version": "0.1.2",
      "resolved": "https://registry.npmjs.org/paramify/-/paramify-0.1.2.tgz",
      "integrity": "sha512-oEv82WwOmily4WwAgHEG/YpiqMURVN4cvf5df1ZssAjONNZ5AjjQKbVZRc90+CKgYlgfU6ks0z+EJz/Ywlb27A==",
      "dependencies": {
        "path-to-regexp": "0.0.2"
      }
    },
    "node_modules/path-to-regexp": {
      "version": "0.0.2",
      "resolved": "https://registry.npmjs.org/path-to-regexp/-/path-to-regexp-0.0.2.tgz",
      "integrity": "sha512-oElk+kl0DoaEHoLJNXJ+YwH5vJSvU9sNIfnBC1DcwfJ9dOA0MLqZjVYfq/wfbJwpeDkD+3nfR9pfL8wLfrZKLg=="
    },
    "node_modules/react": {
      "version": "0.11.2",
      "resolved": "https://registry.npmjs.org/react/-/react-0.11.2.tgz",
      "integrity": "sha512-A38fQUWffGlVEijj4QaJ/ZvwfGH656Y1+rftzQGw4synpvzMzTgxIXlfwwIB8m86vZeKXpa7qDbCnWJ5+dio+Q==",
      "dependencies": {
        "envify": "^2.0.0"
      },
      "engines": {
        "node": ">=0.10.0"
      }
    },
    "node_modules/source-map": {
      "version": "0.1.31",
      "resolved": "https://registry.npmjs.org/source-map/-/source-map-0.1.31.tgz",
      "integrity": "sha512-qFALUiKHo35Duky0Ubmb5YKj9b3c6CcgGNGeI60sd6Nn3KaY7h9fclEOcCVk0hwszwYYP6+X2/jpS5hHqqVuig==",
      "dependencies": {
        "amdefine": ">=0.0.4"
      },
      "engines": {
        "node": ">=0.8.0"
      }
    },
    "node_modules/through": {
      "version": "2.3.8",
      "resolved": "https://registry.npmjs.org/through/-/through-2.3.8.tgz",
      "integrity": "sha512-w89qg7PI8wAdvX60bMDP+bFoD5Dvhm9oLheFp5O4a2QF0cSBGsBX4qZmadPMvVqlLJBBci+WqGGOAPvcDeNSVg=="
    },
    "node_modules/xtend": {
      "version": "2.1.2",
      "resolved": "https://registry.npmjs.org/xtend/-/xtend-2.1.2.tgz",
      "integrity": "sha512-vMNKzr2rHP9Dp/e1NQFnLQlwlhp9L/LfvnsVdHxN1f+uggyVI3i08uD14GPvCToPkdsRfyPqIyYGmIk58V98ZQ==",
      "dependencies": {
        "object-keys": "~0.4.0"
      },
      "engines": {
        "node": ">=0.4"
      }
    }
  },
  "dependencies": {
    "amdefine": {
      "version": "1.0.1",
      "resolved": "https://registry.npmjs.org/amdefine/-/amdefine-1.0.1.tgz",
      "integrity": "sha512-S2Hw0TtNkMJhIabBwIojKL9YHO5T0n5eNqWJ7Lrlel/zDbftQpxpapi8tZs3X1HWa+u+QeydGmzzNU0m09+Rcg=="
    },
    "bare": {
      "version": "0.0.2",
      "resolved": "https://registry.npmjs.org/bare/-/bare-0.0.2.tgz",
      "integrity": "sha512-Tfz6e59oq7Pc5VknT5SWciCeZa9TQIGK1gp2diWwJ1N2ALSnd8n7o2Gfzgf6aHEWLW8SG3Z1AkIlDsEwcBW9lw==",
      "requires": {
        "paramify": "^0.1.2",
        "react": "^0.11.0"
      }
    },
    "base62": {
      "version": "0.1.1",
      "resolved": "https://registry.npmjs.org/base62/-/base62-0.1.1.tgz",
      "integrity": "sha512-QtExujIOq/F672OkHmDi3CdkphOA1kSQ38gv03Ro3cplYQk831dq9GM3Q1oXAxpR5HNJjGjjjT2pHtBGAJu1jw=="
    },
    "envify": {
      "version": "2.0.1",
      "resolved": "https://registry.npmjs.org/envify/-/envify-2.0.1.tgz",
      "integrity": "sha512-mpLvCWDvUkEXOVdre56TFYUgnC2ftMf6uIhESxylDsvzhbLQb3M6G4QwOt/0RXh9oHQteUOOz+Bj7zTAMdGs8w==",
      "requires": {
        "esprima-fb": "~3001.1.0-dev-harmony-fb",
        "jstransform": "~3.0.0",
        "through": "~2.3.4",
        "xtend": "~2.1.2"
      }
    },
    "esprima-fb": {
      "version": "3001.1.0-dev-harmony-fb",
      "resolved": "https://registry.npmjs.org/esprima-fb/-/esprima-fb-3001.0001.0000-dev-harmony-fb.tgz",
      "integrity": "sha512-a3RFiCVBiy8KdO6q/C+8BQiP/sRk8XshBU3QHHDP8tNzjYwR3FKBOImu+PXfVhPoZL0JKtJLBAOWlDMCCFY8SQ=="
    },
    "jstransform": {
      "version": "3.0.0",
      "resolved": "https://registry.npmjs.org/jstransform/-/jstransform-3.0.0.tgz",
      "integrity": "sha512-sMwqW0EdQk2A5NjddlcSSLp6t7pIknOrJtxPU3kMN82RJXPGbdC3fcM5VhIsApNKL1hpeH38iSQsJRbgprPQZg==",
      "requires": {
        "base62": "0.1.1",
        "esprima-fb": "~3001.1.0-dev-harmony-fb",
        "source-map": "0.1.31"
      }
    },
    "object-keys": {
      "version": "0.4.0",
      "resolved": "https://registry.npmjs.org/object-keys/-/object-keys-0.4.0.tgz",
      "integrity": "sha512-ncrLw+X55z7bkl5PnUvHwFK9FcGuFYo9gtjws2XtSzL+aZ8tm830P60WJ0dSmFVaSalWieW5MD7kEdnXda9yJw=="
    },
    "paramify": {
      "version": "0.1.2",
      "resolved": "https://registry.npmjs.org/paramify/-/paramify-0.1.2.tgz",
      "integrity": "sha512-oEv82WwOmily4WwAgHEG/YpiqMURVN4cvf5df1ZssAjONNZ5AjjQKbVZRc90+CKgYlgfU6ks0z+EJz/Ywlb27A==",
      "requires": {
        "path-to-regexp": "0.0.2"
      }
    },
    "path-to-regexp": {
      "version": "0.0.2",
      "resolved": "https://registry.npmjs.org/path-to-regexp/-/path-to-regexp-0.0.2.tgz",
      "integrity": "sha512-oElk+kl0DoaEHoLJNXJ+YwH5vJSvU9sNIfnBC1DcwfJ9dOA0MLqZjVYfq/wfbJwpeDkD+3nfR9pfL8wLfrZKLg=="
    },
    "react": {
      "version": "0.11.2",
      "resolved": "https://registry.npmjs.org/react/-/react-0.11.2.tgz",
      "integrity": "sha512-A38fQUWffGlVEijj4QaJ/ZvwfGH656Y1+rftzQGw4synpvzMzTgxIXlfwwIB8m86vZeKXpa7qDbCnWJ5+dio+Q==",
      "requires": {
        "envify": "^2.0.0"
      }
    },
    "source-map": {
      "version": "0.1.31",
      "resolved": "https://registry.npmjs.org/source-map/-/source-map-0.1.31.tgz",
      "integrity": "sha512-qFALUiKHo35Duky0Ubmb5YKj9b3c6CcgGNGeI60sd6Nn3KaY7h9fclEOcCVk0hwszwYYP6+X2/jpS5hHqqVuig==",
      "requires": {
        "amdefine": ">=0.0.4"
      }
    },
    "through": {
      "version": "2.3.8",
      "resolved": "https://registry.npmjs.org/through/-/through-2.3.8.tgz",
      "integrity": "sha512-w89qg7PI8wAdvX60bMDP+bFoD5Dvhm9oLheFp5O4a2QF0cSBGsBX4qZmadPMvVqlLJBBci+WqGGOAPvcDeNSVg=="
    },
    "xtend": {
      "version": "2.1.2",
      "resolved": "https://registry.npmjs.org/xtend/-/xtend-2.1.2.tgz",
      "integrity": "sha512-vMNKzr2rHP9Dp/e1NQFnLQlwlhp9L/LfvnsVdHxN1f+uggyVI3i08uD14GPvCToPkdsRfyPqIyYGmIk58V98ZQ==",
      "requires": {
        "object-keys": "~0.4.0"
      }
    }
  }
}
